# This file is autogenerated, do not edit; changes may be undone by the next 'dep ensure'.


[[projects]]
  name = "cloud.google.com/go"
  packages = ["compute/metadata"]
  revision = "aad3f485ee528456e0768f20397b4d9dd941e755"
  version = "v0.25.0"

[[projects]]
  name = "github.com/aws/aws-sdk-go"
  packages = [
    "aws",
    "aws/awserr",
    "aws/awsutil",
    "aws/client",
    "aws/client/metadata",
    "aws/corehandlers",
    "aws/credentials",
    "aws/credentials/ec2rolecreds",
    "aws/credentials/endpointcreds",
    "aws/credentials/stscreds",
    "aws/csm",
    "aws/defaults",
    "aws/ec2metadata",
    "aws/endpoints",
    "aws/request",
    "aws/session",
    "aws/signer/v4",
    "internal/sdkio",
    "internal/sdkrand",
    "internal/sdkuri",
    "internal/shareddefaults",
    "private/protocol",
    "private/protocol/query",
    "private/protocol/query/queryutil",
    "private/protocol/rest",
    "private/protocol/restxml",
    "private/protocol/xml/xmlutil",
    "service/route53",
    "service/sts"
  ]
  revision = "59124d90523f4c0491f997f9a36aef265fe3502c"
  version = "v1.15.49"

[[projects]]
  name = "github.com/go-ini/ini"
  packages = ["."]
  revision = "7b294651033cd7d9e7f0d9ffa1b75ed1e198e737"
  version = "v1.38.3"

[[projects]]
  name = "github.com/golang/protobuf"
  packages = ["proto"]
  revision = "b4deda0973fb4c70b50d226b1af49f3da59f5265"
  version = "v1.1.0"

[[projects]]
  name = "github.com/gorilla/websocket"
  packages = ["."]
  revision = "ea4d1f681babbce9545c9c5f3d5194a789c89f5b"
  version = "v1.2.0"

[[projects]]
  name = "github.com/jmespath/go-jmespath"
  packages = ["."]
  revision = "0b12d6b5"

[[projects]]
  branch = "master"
  name = "github.com/juju/loggo"
  packages = ["."]
  revision = "584905176618da46b895b176c721b02c476b6993"

[[projects]]
  branch = "master"
  name = "github.com/juju/webbrowser"
  packages = ["."]
  revision = "54b8c57083b4afb7dc75da7f13e2967b2606a507"

[[projects]]
  name = "github.com/julienschmidt/httprouter"
  packages = ["."]
  revision = "8c199fb6259ffc1af525cc3ad52ee60ba8359669"
  version = "v1.1"

[[projects]]
  branch = "master"
  name = "github.com/lxc/lxd"
  packages = [
    "client",
    "shared",
    "shared/api",
    "shared/cancel",
    "shared/ioprogress",
    "shared/logger",
    "shared/osarch",
    "shared/simplestreams"
  ]
  revision = "442746125e176b19ace306748a77f2fb2d9aee49"

[[projects]]
  name = "github.com/pkg/errors"
  packages = ["."]
  revision = "645ef00459ed84a119197bfb8d8205042c6df63d"
  version = "v0.8.0"

[[projects]]
  branch = "master"
  name = "github.com/rogpeppe/fastuuid"
  packages = ["."]
  revision = "6724a57986aff9bff1a1770e9347036def7c89f6"

[[projects]]
  branch = "master"
  name = "golang.org/x/crypto"
  packages = [
    "curve25519",
    "internal/subtle",
    "nacl/box",
    "nacl/secretbox",
    "poly1305",
    "salsa20/salsa"
  ]
  revision = "a49355c7e3f8fe157a85be2f77e6e269a0f89602"

[[projects]]
  branch = "master"
  name = "golang.org/x/net"
  packages = [
    "context",
    "context/ctxhttp",
    "html",
    "html/atom",
    "idna",
    "publicsuffix"
  ]
  revision = "d0887baf81f4598189d4e12a37c6da86f0bba4d0"

[[projects]]
  branch = "master"
  name = "golang.org/x/oauth2"
  packages = [
    ".",
    "google",
    "internal",
    "jws",
    "jwt"
  ]
  revision = "ef147856a6ddbb60760db74283d2424e98c87bff"

[[projects]]
  name = "golang.org/x/text"
  packages = [
    "collate",
    "collate/build",
    "internal/colltab",
    "internal/gen",
    "internal/tag",
    "internal/triegen",
    "internal/ucd",
    "language",
    "secure/bidirule",
    "transform",
    "unicode/bidi",
    "unicode/cldr",
    "unicode/norm",
    "unicode/rangetable"
  ]
  revision = "f21a4dfb5e38f5895301dc265a8def02365cc3d0"
  version = "v0.3.0"

[[projects]]
  branch = "master"
  name = "google.golang.org/api"
  packages = [
    "dns/v2beta1",
    "gensupport",
    "googleapi",
    "googleapi/internal/uritemplates"
  ]
  revision = "781db45e5b94469718b0c615037e76333cd050e3"

[[projects]]
  name = "google.golang.org/appengine"
  packages = [
    ".",
    "internal",
    "internal/app_identity",
    "internal/base",
    "internal/datastore",
    "internal/log",
    "internal/modules",
    "internal/remote_api",
    "internal/urlfetch",
    "urlfetch"
  ]
  revision = "b1f26356af11148e710935ed1ac8a7f5702c7612"
  version = "v1.1.0"

[[projects]]
  branch = "v1"
  name = "gopkg.in/errgo.v1"
  packages = ["."]
  revision = "c17903c6b19d5dedb9cfba9fa314c7fae63e554f"

[[projects]]
  name = "gopkg.in/httprequest.v1"
  packages = ["."]
  revision = "a1015531595ff2ed1a0c126b55da352e6923eaac"
  version = "v1.1.2"

[[projects]]
  name = "gopkg.in/macaroon-bakery.v2"
  packages = [
    "bakery",
    "bakery/checkers",
    "bakery/internal/macaroonpb",
    "httpbakery",
    "internal/httputil"
  ]
  revision = "94012773d2874a067572bd16d7d11ae02968b47b"
  version = "v2.0.1"

[[projects]]
  name = "gopkg.in/macaroon.v2"
  packages = ["."]
  revision = "bed2a428da6e56d950bed5b41fcbae3141e5b0d0"
  version = "v2.0.0"

[[projects]]
  name = "gopkg.in/yaml.v2"
  packages = ["."]
  revision = "5420a8b6744d3b0345ab293f6fcba19c978f1183"
  version = "v2.2.1"

[solve-meta]
  analyzer-name = "dep"
  analyzer-version = 1
  inputs-digest = "04bd3b48b83a7a8c63fd4c56b69c0c01cede29c5ea51f99e03c89e73ad957604"
  solver-name = "gps-cdcl"
  solver-version = 1
